<Solution>
  <Folder Name="/src/">
    <Project Path="src/TrestleBoard.App/TrestleBoard.App.csproj" />
    <Project Path="src/TrestleBoard.Core/TrestleBoard.Core.csproj" />
    <Project Path="src/TrestleBoard.Editing/TrestleBoard.Editing.csproj" />
    <Project Path="src/TrestleBoard.Export.Pdf/TrestleBoard.Export.Pdf.csproj" />
    <Project Path="src/TrestleBoard.Imaging/TrestleBoard.Imaging.csproj" />
    <Project Path="src/TrestleBoard.Layout/TrestleBoard.Layout.csproj" />
    <Project Path="src/TrestleBoard.Rendering/TrestleBoard.Rendering.csproj" />
    <Project Path="src/TrestleBoard.Roster/TrestleBoard.Roster.csproj" />
    <Project Path="src/TrestleBoard.Widgets/TrestleBoard.Widgets.csproj" />
  </Folder>
  <!-- Compiled by CI so it cannot rot; never run by CI (PLAN.md §11 M15). -->
  <Folder Name="/tools/">
    <Project Path="tools/TrestleBoard.PdfImport/TrestleBoard.PdfImport.csproj" />
    <Project Path="tools/TrestleBoard.Screenshots/TrestleBoard.Screenshots.csproj" />
  </Folder>
  <Folder Name="/tests/">
    <Project Path="tests/App.HeadlessTests/App.HeadlessTests.csproj" />
    <Project Path="tests/Core.Tests/Core.Tests.csproj" />
    <Project Path="tests/Editing.Tests/Editing.Tests.csproj" />
    <Project Path="tests/Imaging.Tests/Imaging.Tests.csproj" />
    <Project Path="tests/Layout.Tests/Layout.Tests.csproj" />
    <Project Path="tests/Rendering.SnapshotTests/Rendering.SnapshotTests.csproj" />
    <Project Path="tests/Roster.Tests/Roster.Tests.csproj" />
    <Project Path="tests/Widgets.Tests/Widgets.Tests.csproj" />
  </Folder>
</Solution>
